
Microsoft Visual Studio Solution File, Format Version 12.00
# Visual Studio Version 17
VisualStudioVersion = 17.9.34728.123
MinimumVisualStudioVersion = 10.0.40219.1
Project("{9A19103F-16F7-4668-BE54-9A1E7A4F7556}") = "Bank2Adapter", "Bank2Adapter\Bank2Adapter.csproj", "{F3FCC11F-4F87-4998-80DC-1499CDD4C77C}"
EndProject
Project("{9A19103F-16F7-4668-BE54-9A1E7A4F7556}") = "LoanBroker", "LoanBroker\LoanBroker.csproj", "{49F0265A-BE54-480D-B091-E6A86FD1690F}"
EndProject
Project("{9A19103F-16F7-4668-BE54-9A1E7A4F7556}") = "Tests", "Tests\Tests.csproj", "{32254118-5763-48A6-BB13-793339313321}"
EndProject
Project("{9A19103F-16F7-4668-BE54-9A1E7A4F7556}") = "Client", "Client\Client.csproj", "{066B5786-AEAF-4D97-9216-EB79744E1A29}"
EndProject
Project("{9A19103F-16F7-4668-BE54-9A1E7A4F7556}") = "ClientMessages", "ClientMessages\ClientMessages.csproj", "{89BFF623-7C13-4D8C-9198-F2BF89C866C4}"
EndProject
Project("{9A19103F-16F7-4668-BE54-9A1E7A4F7556}") = "BankMessages", "BankMessages\BankMessages.csproj", "{E8519C3B-9663-4655-9E68-9839C6837F46}"
EndProject
Project("{9A19103F-16F7-4668-BE54-9A1E7A4F7556}") = "CommonConfigurations", "CommonConfigurations\CommonConfigurations.csproj", "{2E8EFD1A-43B4-4037-85A0-9726AC7E2D01}"
EndProject
Project("{9A19103F-16F7-4668-BE54-9A1E7A4F7556}") = "Bank1Adapter", "Bank1Adapter\Bank1Adapter.csproj", "{7F854B19-0855-4FCD-8335-7DD8D0E76D7E}"
EndProject
Project("{9A19103F-16F7-4668-BE54-9A1E7A4F7556}") = "Bank3Adapter", "Bank3Adapter\Bank3Adapter.csproj", "{7EE0786C-8F1D-4FAE-842B-A38D8B947504}"
EndProject
Project("{2150E333-8FDC-42A3-9474-1A3956D46DE8}") = "Solution Items", "Solution Items", "{266D5BA7-E337-47FA-A7E0-2071E806131B}"
	ProjectSection(SolutionItems) = preProject
		..\README.md = ..\README.md
	EndProjectSection
EndProject
Project("{2150E333-8FDC-42A3-9474-1A3956D46DE8}") = "adot", "adot", "{F8D716D1-48D4-4DC4-996D-8A910AC76B14}"
	ProjectSection(SolutionItems) = preProject
		adot\config.yaml = adot\config.yaml
	EndProjectSection
EndProject
Project("{2150E333-8FDC-42A3-9474-1A3956D46DE8}") = "grafana", "grafana", "{C41FB7F9-08F3-4C99-8C17-3078582AD182}"
	ProjectSection(SolutionItems) = preProject
		grafana\provisioning\dashboards\dashboard_provider.yml = grafana\provisioning\dashboards\dashboard_provider.yml
		grafana\dashboards\loan_broker_dashboard.json = grafana\dashboards\loan_broker_dashboard.json
		grafana\provisioning\datasources\prometheus_ds.yml = grafana\provisioning\datasources\prometheus_ds.yml
		grafana\dashboards\loan_broker_demo_dashboard.json = grafana\dashboards\loan_broker_demo_dashboard.json
		grafana\dashboards\nservicebus_dashboard.json = grafana\dashboards\nservicebus_dashboard.json
	EndProjectSection
EndProject
Project("{2150E333-8FDC-42A3-9474-1A3956D46DE8}") = "Credit Bureau Lambda", "Credit Bureau Lambda", "{D36B8890-4384-462D-86B9-156627A9B7D3}"
	ProjectSection(SolutionItems) = preProject
		lambdas\creditbureau.js = lambdas\creditbureau.js
	EndProjectSection
EndProject
Project("{9A19103F-16F7-4668-BE54-9A1E7A4F7556}") = "EmailSender", "EmailSender\EmailSender.csproj", "{FD9296A8-0CE1-450B-AB1A-B103A6CB7EA3}"
EndProject
Project("{2150E333-8FDC-42A3-9474-1A3956D46DE8}") = "docker", "docker", "{69E2DB2E-619F-41FA-B4D9-9304803A7C17}"
	ProjectSection(SolutionItems) = preProject
		..\docker-compose.yml = ..\docker-compose.yml
		..\env\aws.env = ..\env\aws.env
		..\env\metrics.env = ..\env\metrics.env
		..\env\service-platform.env = ..\env\service-platform.env
		..\env\azure.env = ..\env\azure.env
		..\env\azure-local.env = ..\env\azure-local.env
		..\docker-compose-azure.yml = ..\docker-compose-azure.yml
	EndProjectSection
EndProject
Project("{2150E333-8FDC-42A3-9474-1A3956D46DE8}") = "prometheus", "prometheus", "{9B290188-139B-4CEC-8633-9AAA9D7BBDD4}"
	ProjectSection(SolutionItems) = preProject
		prometheus\prometheus.yml = prometheus\prometheus.yml
	EndProjectSection
EndProject
Project("{FAE04EC0-301F-11D3-BF4B-00C04F79EFBC}") = "CreditBureau", "CreditBureau\CreditBureau.csproj", "{509D57E0-D9D7-425A-B3A5-009D7E16647E}"
EndProject
Global
	GlobalSection(SolutionConfigurationPlatforms) = preSolution
		Debug|Any CPU = Debug|Any CPU
		Debug|x64 = Debug|x64
		Debug|x86 = Debug|x86
		Release|Any CPU = Release|Any CPU
		Release|x64 = Release|x64
		Release|x86 = Release|x86
	EndGlobalSection
	GlobalSection(ProjectConfigurationPlatforms) = postSolution
		{F3FCC11F-4F87-4998-80DC-1499CDD4C77C}.Debug|Any CPU.ActiveCfg = Debug|Any CPU
		{F3FCC11F-4F87-4998-80DC-1499CDD4C77C}.Debug|Any CPU.Build.0 = Debug|Any CPU
		{F3FCC11F-4F87-4998-80DC-1499CDD4C77C}.Debug|x64.ActiveCfg = Debug|Any CPU
		{F3FCC11F-4F87-4998-80DC-1499CDD4C77C}.Debug|x64.Build.0 = Debug|Any CPU
		{F3FCC11F-4F87-4998-80DC-1499CDD4C77C}.Debug|x86.ActiveCfg = Debug|Any CPU
		{F3FCC11F-4F87-4998-80DC-1499CDD4C77C}.Debug|x86.Build.0 = Debug|Any CPU
		{F3FCC11F-4F87-4998-80DC-1499CDD4C77C}.Release|Any CPU.ActiveCfg = Release|Any CPU
		{F3FCC11F-4F87-4998-80DC-1499CDD4C77C}.Release|Any CPU.Build.0 = Release|Any CPU
		{F3FCC11F-4F87-4998-80DC-1499CDD4C77C}.Release|x64.ActiveCfg = Release|Any CPU
		{F3FCC11F-4F87-4998-80DC-1499CDD4C77C}.Release|x64.Build.0 = Release|Any CPU
		{F3FCC11F-4F87-4998-80DC-1499CDD4C77C}.Release|x86.ActiveCfg = Release|Any CPU
		{F3FCC11F-4F87-4998-80DC-1499CDD4C77C}.Release|x86.Build.0 = Release|Any CPU
		{49F0265A-BE54-480D-B091-E6A86FD1690F}.Debug|Any CPU.ActiveCfg = Debug|Any CPU
		{49F0265A-BE54-480D-B091-E6A86FD1690F}.Debug|Any CPU.Build.0 = Debug|Any CPU
		{49F0265A-BE54-480D-B091-E6A86FD1690F}.Debug|x64.ActiveCfg = Debug|Any CPU
		{49F0265A-BE54-480D-B091-E6A86FD1690F}.Debug|x64.Build.0 = Debug|Any CPU
		{49F0265A-BE54-480D-B091-E6A86FD1690F}.Debug|x86.ActiveCfg = Debug|Any CPU
		{49F0265A-BE54-480D-B091-E6A86FD1690F}.Debug|x86.Build.0 = Debug|Any CPU
		{49F0265A-BE54-480D-B091-E6A86FD1690F}.Release|Any CPU.ActiveCfg = Release|Any CPU
		{49F0265A-BE54-480D-B091-E6A86FD1690F}.Release|Any CPU.Build.0 = Release|Any CPU
		{49F0265A-BE54-480D-B091-E6A86FD1690F}.Release|x64.ActiveCfg = Release|Any CPU
		{49F0265A-BE54-480D-B091-E6A86FD1690F}.Release|x64.Build.0 = Release|Any CPU
		{49F0265A-BE54-480D-B091-E6A86FD1690F}.Release|x86.ActiveCfg = Release|Any CPU
		{49F0265A-BE54-480D-B091-E6A86FD1690F}.Release|x86.Build.0 = Release|Any CPU
		{32254118-5763-48A6-BB13-793339313321}.Debug|Any CPU.ActiveCfg = Debug|Any CPU
		{32254118-5763-48A6-BB13-793339313321}.Debug|Any CPU.Build.0 = Debug|Any CPU
		{32254118-5763-48A6-BB13-793339313321}.Debug|x64.ActiveCfg = Debug|Any CPU
		{32254118-5763-48A6-BB13-793339313321}.Debug|x64.Build.0 = Debug|Any CPU
		{32254118-5763-48A6-BB13-793339313321}.Debug|x86.ActiveCfg = Debug|Any CPU
		{32254118-5763-48A6-BB13-793339313321}.Debug|x86.Build.0 = Debug|Any CPU
		{32254118-5763-48A6-BB13-793339313321}.Release|Any CPU.ActiveCfg = Release|Any CPU
		{32254118-5763-48A6-BB13-793339313321}.Release|Any CPU.Build.0 = Release|Any CPU
		{32254118-5763-48A6-BB13-793339313321}.Release|x64.ActiveCfg = Release|Any CPU
		{32254118-5763-48A6-BB13-793339313321}.Release|x64.Build.0 = Release|Any CPU
		{32254118-5763-48A6-BB13-793339313321}.Release|x86.ActiveCfg = Release|Any CPU
		{32254118-5763-48A6-BB13-793339313321}.Release|x86.Build.0 = Release|Any CPU
		{066B5786-AEAF-4D97-9216-EB79744E1A29}.Debug|Any CPU.ActiveCfg = Debug|Any CPU
		{066B5786-AEAF-4D97-9216-EB79744E1A29}.Debug|Any CPU.Build.0 = Debug|Any CPU
		{066B5786-AEAF-4D97-9216-EB79744E1A29}.Debug|x64.ActiveCfg = Debug|Any CPU
		{066B5786-AEAF-4D97-9216-EB79744E1A29}.Debug|x64.Build.0 = Debug|Any CPU
		{066B5786-AEAF-4D97-9216-EB79744E1A29}.Debug|x86.ActiveCfg = Debug|Any CPU
		{066B5786-AEAF-4D97-9216-EB79744E1A29}.Debug|x86.Build.0 = Debug|Any CPU
		{066B5786-AEAF-4D97-9216-EB79744E1A29}.Release|Any CPU.ActiveCfg = Release|Any CPU
		{066B5786-AEAF-4D97-9216-EB79744E1A29}.Release|Any CPU.Build.0 = Release|Any CPU
		{066B5786-AEAF-4D97-9216-EB79744E1A29}.Release|x64.ActiveCfg = Release|Any CPU
		{066B5786-AEAF-4D97-9216-EB79744E1A29}.Release|x64.Build.0 = Release|Any CPU
		{066B5786-AEAF-4D97-9216-EB79744E1A29}.Release|x86.ActiveCfg = Release|Any CPU
		{066B5786-AEAF-4D97-9216-EB79744E1A29}.Release|x86.Build.0 = Release|Any CPU
		{89BFF623-7C13-4D8C-9198-F2BF89C866C4}.Debug|Any CPU.ActiveCfg = Debug|Any CPU
		{89BFF623-7C13-4D8C-9198-F2BF89C866C4}.Debug|Any CPU.Build.0 = Debug|Any CPU
		{89BFF623-7C13-4D8C-9198-F2BF89C866C4}.Debug|x64.ActiveCfg = Debug|Any CPU
		{89BFF623-7C13-4D8C-9198-F2BF89C866C4}.Debug|x64.Build.0 = Debug|Any CPU
		{89BFF623-7C13-4D8C-9198-F2BF89C866C4}.Debug|x86.ActiveCfg = Debug|Any CPU
		{89BFF623-7C13-4D8C-9198-F2BF89C866C4}.Debug|x86.Build.0 = Debug|Any CPU
		{89BFF623-7C13-4D8C-9198-F2BF89C866C4}.Release|Any CPU.ActiveCfg = Release|Any CPU
		{89BFF623-7C13-4D8C-9198-F2BF89C866C4}.Release|Any CPU.Build.0 = Release|Any CPU
		{89BFF623-7C13-4D8C-9198-F2BF89C866C4}.Release|x64.ActiveCfg = Release|Any CPU
		{89BFF623-7C13-4D8C-9198-F2BF89C866C4}.Release|x64.Build.0 = Release|Any CPU
		{89BFF623-7C13-4D8C-9198-F2BF89C866C4}.Release|x86.ActiveCfg = Release|Any CPU
		{89BFF623-7C13-4D8C-9198-F2BF89C866C4}.Release|x86.Build.0 = Release|Any CPU
		{E8519C3B-9663-4655-9E68-9839C6837F46}.Debug|Any CPU.ActiveCfg = Debug|Any CPU
		{E8519C3B-9663-4655-9E68-9839C6837F46}.Debug|Any CPU.Build.0 = Debug|Any CPU
		{E8519C3B-9663-4655-9E68-9839C6837F46}.Debug|x64.ActiveCfg = Debug|Any CPU
		{E8519C3B-9663-4655-9E68-9839C6837F46}.Debug|x64.Build.0 = Debug|Any CPU
		{E8519C3B-9663-4655-9E68-9839C6837F46}.Debug|x86.ActiveCfg = Debug|Any CPU
		{E8519C3B-9663-4655-9E68-9839C6837F46}.Debug|x86.Build.0 = Debug|Any CPU
		{E8519C3B-9663-4655-9E68-9839C6837F46}.Release|Any CPU.ActiveCfg = Release|Any CPU
		{E8519C3B-9663-4655-9E68-9839C6837F46}.Release|Any CPU.Build.0 = Release|Any CPU
		{E8519C3B-9663-4655-9E68-9839C6837F46}.Release|x64.ActiveCfg = Release|Any CPU
		{E8519C3B-9663-4655-9E68-9839C6837F46}.Release|x64.Build.0 = Release|Any CPU
		{E8519C3B-9663-4655-9E68-9839C6837F46}.Release|x86.ActiveCfg = Release|Any CPU
		{E8519C3B-9663-4655-9E68-9839C6837F46}.Release|x86.Build.0 = Release|Any CPU
		{2E8EFD1A-43B4-4037-85A0-9726AC7E2D01}.Debug|Any CPU.ActiveCfg = Debug|Any CPU
		{2E8EFD1A-43B4-4037-85A0-9726AC7E2D01}.Debug|Any CPU.Build.0 = Debug|Any CPU
		{2E8EFD1A-43B4-4037-85A0-9726AC7E2D01}.Debug|x64.ActiveCfg = Debug|Any CPU
		{2E8EFD1A-43B4-4037-85A0-9726AC7E2D01}.Debug|x64.Build.0 = Debug|Any CPU
		{2E8EFD1A-43B4-4037-85A0-9726AC7E2D01}.Debug|x86.ActiveCfg = Debug|Any CPU
		{2E8EFD1A-43B4-4037-85A0-9726AC7E2D01}.Debug|x86.Build.0 = Debug|Any CPU
		{2E8EFD1A-43B4-4037-85A0-9726AC7E2D01}.Release|Any CPU.ActiveCfg = Release|Any CPU
		{2E8EFD1A-43B4-4037-85A0-9726AC7E2D01}.Release|Any CPU.Build.0 = Release|Any CPU
		{2E8EFD1A-43B4-4037-85A0-9726AC7E2D01}.Release|x64.ActiveCfg = Release|Any CPU
		{2E8EFD1A-43B4-4037-85A0-9726AC7E2D01}.Release|x64.Build.0 = Release|Any CPU
		{2E8EFD1A-43B4-4037-85A0-9726AC7E2D01}.Release|x86.ActiveCfg = Release|Any CPU
		{2E8EFD1A-43B4-4037-85A0-9726AC7E2D01}.Release|x86.Build.0 = Release|Any CPU
		{7F854B19-0855-4FCD-8335-7DD8D0E76D7E}.Debug|Any CPU.ActiveCfg = Debug|Any CPU
		{7F854B19-0855-4FCD-8335-7DD8D0E76D7E}.Debug|Any CPU.Build.0 = Debug|Any CPU
		{7F854B19-0855-4FCD-8335-7DD8D0E76D7E}.Debug|x64.ActiveCfg = Debug|Any CPU
		{7F854B19-0855-4FCD-8335-7DD8D0E76D7E}.Debug|x64.Build.0 = Debug|Any CPU
		{7F854B19-0855-4FCD-8335-7DD8D0E76D7E}.Debug|x86.ActiveCfg = Debug|Any CPU
		{7F854B19-0855-4FCD-8335-7DD8D0E76D7E}.Debug|x86.Build.0 = Debug|Any CPU
		{7F854B19-0855-4FCD-8335-7DD8D0E76D7E}.Release|Any CPU.ActiveCfg = Release|Any CPU
		{7F854B19-0855-4FCD-8335-7DD8D0E76D7E}.Release|Any CPU.Build.0 = Release|Any CPU
		{7F854B19-0855-4FCD-8335-7DD8D0E76D7E}.Release|x64.ActiveCfg = Release|Any CPU
		{7F854B19-0855-4FCD-8335-7DD8D0E76D7E}.Release|x64.Build.0 = Release|Any CPU
		{7F854B19-0855-4FCD-8335-7DD8D0E76D7E}.Release|x86.ActiveCfg = Release|Any CPU
		{7F854B19-0855-4FCD-8335-7DD8D0E76D7E}.Release|x86.Build.0 = Release|Any CPU
		{7EE0786C-8F1D-4FAE-842B-A38D8B947504}.Debug|Any CPU.ActiveCfg = Debug|Any CPU
		{7EE0786C-8F1D-4FAE-842B-A38D8B947504}.Debug|Any CPU.Build.0 = Debug|Any CPU
		{7EE0786C-8F1D-4FAE-842B-A38D8B947504}.Debug|x64.ActiveCfg = Debug|Any CPU
		{7EE0786C-8F1D-4FAE-842B-A38D8B947504}.Debug|x64.Build.0 = Debug|Any CPU
		{7EE0786C-8F1D-4FAE-842B-A38D8B947504}.Debug|x86.ActiveCfg = Debug|Any CPU
		{7EE0786C-8F1D-4FAE-842B-A38D8B947504}.Debug|x86.Build.0 = Debug|Any CPU
		{7EE0786C-8F1D-4FAE-842B-A38D8B947504}.Release|Any CPU.ActiveCfg = Release|Any CPU
		{7EE0786C-8F1D-4FAE-842B-A38D8B947504}.Release|Any CPU.Build.0 = Release|Any CPU
		{7EE0786C-8F1D-4FAE-842B-A38D8B947504}.Release|x64.ActiveCfg = Release|Any CPU
		{7EE0786C-8F1D-4FAE-842B-A38D8B947504}.Release|x64.Build.0 = Release|Any CPU
		{7EE0786C-8F1D-4FAE-842B-A38D8B947504}.Release|x86.ActiveCfg = Release|Any CPU
		{7EE0786C-8F1D-4FAE-842B-A38D8B947504}.Release|x86.Build.0 = Release|Any CPU
		{FD9296A8-0CE1-450B-AB1A-B103A6CB7EA3}.Debug|Any CPU.ActiveCfg = Debug|Any CPU
		{FD9296A8-0CE1-450B-AB1A-B103A6CB7EA3}.Debug|Any CPU.Build.0 = Debug|Any CPU
		{FD9296A8-0CE1-450B-AB1A-B103A6CB7EA3}.Debug|x64.ActiveCfg = Debug|Any CPU
		{FD9296A8-0CE1-450B-AB1A-B103A6CB7EA3}.Debug|x64.Build.0 = Debug|Any CPU
		{FD9296A8-0CE1-450B-AB1A-B103A6CB7EA3}.Debug|x86.ActiveCfg = Debug|Any CPU
		{FD9296A8-0CE1-450B-AB1A-B103A6CB7EA3}.Debug|x86.Build.0 = Debug|Any CPU
		{FD9296A8-0CE1-450B-AB1A-B103A6CB7EA3}.Release|Any CPU.ActiveCfg = Release|Any CPU
		{FD9296A8-0CE1-450B-AB1A-B103A6CB7EA3}.Release|Any CPU.Build.0 = Release|Any CPU
		{FD9296A8-0CE1-450B-AB1A-B103A6CB7EA3}.Release|x64.ActiveCfg = Release|Any CPU
		{FD9296A8-0CE1-450B-AB1A-B103A6CB7EA3}.Release|x64.Build.0 = Release|Any CPU
		{FD9296A8-0CE1-450B-AB1A-B103A6CB7EA3}.Release|x86.ActiveCfg = Release|Any CPU
		{FD9296A8-0CE1-450B-AB1A-B103A6CB7EA3}.Release|x86.Build.0 = Release|Any CPU
		{509D57E0-D9D7-425A-B3A5-009D7E16647E}.Debug|Any CPU.ActiveCfg = Debug|Any CPU
		{509D57E0-D9D7-425A-B3A5-009D7E16647E}.Debug|Any CPU.Build.0 = Debug|Any CPU
		{509D57E0-D9D7-425A-B3A5-009D7E16647E}.Debug|x64.ActiveCfg = Debug|Any CPU
		{509D57E0-D9D7-425A-B3A5-009D7E16647E}.Debug|x64.Build.0 = Debug|Any CPU
		{509D57E0-D9D7-425A-B3A5-009D7E16647E}.Debug|x86.ActiveCfg = Debug|Any CPU
		{509D57E0-D9D7-425A-B3A5-009D7E16647E}.Debug|x86.Build.0 = Debug|Any CPU
		{509D57E0-D9D7-425A-B3A5-009D7E16647E}.Release|Any CPU.ActiveCfg = Release|Any CPU
		{509D57E0-D9D7-425A-B3A5-009D7E16647E}.Release|Any CPU.Build.0 = Release|Any CPU
		{509D57E0-D9D7-425A-B3A5-009D7E16647E}.Release|x64.ActiveCfg = Release|Any CPU
		{509D57E0-D9D7-425A-B3A5-009D7E16647E}.Release|x64.Build.0 = Release|Any CPU
		{509D57E0-D9D7-425A-B3A5-009D7E16647E}.Release|x86.ActiveCfg = Release|Any CPU
		{509D57E0-D9D7-425A-B3A5-009D7E16647E}.Release|x86.Build.0 = Release|Any CPU
	EndGlobalSection
	GlobalSection(SolutionProperties) = preSolution
		HideSolutionNode = FALSE
	EndGlobalSection
	GlobalSection(NestedProjects) = preSolution
		{F8D716D1-48D4-4DC4-996D-8A910AC76B14} = {266D5BA7-E337-47FA-A7E0-2071E806131B}
		{C41FB7F9-08F3-4C99-8C17-3078582AD182} = {266D5BA7-E337-47FA-A7E0-2071E806131B}
		{69E2DB2E-619F-41FA-B4D9-9304803A7C17} = {266D5BA7-E337-47FA-A7E0-2071E806131B}
		{9B290188-139B-4CEC-8633-9AAA9D7BBDD4} = {266D5BA7-E337-47FA-A7E0-2071E806131B}
	EndGlobalSection
	GlobalSection(ExtensibilityGlobals) = postSolution
		SolutionGuid = {FBA9DEAD-E069-4672-8C6A-004B2FC22FCB}
	EndGlobalSection
EndGlobal
